
Microsoft Visual Studio Solution File, Format Version 12.00
# Visual Studio Version 16
VisualStudioVersion = 16.0.31624.102
MinimumVisualStudioVersion = 10.0.40219.1
Project("{FAE04EC0-301F-11D3-BF4B-00C04F79EFBC}") = "CBSWebAPI", "CBSWebAPI\CBSWebAPI.csproj", "{3216B035-476B-4714-9BF9-7C191752AC11}"
EndProject
Global
	GlobalSection(SolutionConfigurationPlatforms) = preSolution
		Debug|Any CPU = Debug|Any CPU
		Release|Any CPU = Release|Any CPU
	EndGlobalSection
	GlobalSection(ProjectConfigurationPlatforms) = postSolution
		{3216B035-476B-4714-9BF9-7C191752AC11}.Debug|Any CPU.ActiveCfg = Debug|Any CPU
		{3216B035-476B-4714-9BF9-7C191752AC11}.Debug|Any CPU.Build.0 = Debug|Any CPU
		{3216B035-476B-4714-9BF9-7C191752AC11}.Release|Any CPU.ActiveCfg = Release|Any CPU
		{3216B035-476B-4714-9BF9-7C191752AC11}.Release|Any CPU.Build.0 = Release|Any CPU
	EndGlobalSection
	GlobalSection(SolutionProperties) = preSolution
		HideSolutionNode = FALSE
	EndGlobalSection
	GlobalSection(ExtensibilityGlobals) = postSolution
		SolutionGuid = {D2BED095-F296-4C6A-AB85-A78B7ECB54B4}
	EndGlobalSection
EndGlobal
